
Microsoft Visual Studio Solution File, Format Version 12.00
# Visual Studio 15
VisualStudioVersion = 15.0.28307.1585
MinimumVisualStudioVersion = 10.0.40219.1
Project("{FAE04EC0-301F-11D3-BF4B-00C04F79EFBC}") = "AutomatedTestApp", "AutomatedTestApp.csproj", "{A3A7CD16-718B-42A1-B240-F806626B7CD9}"
EndProject
Global
	GlobalSection(SolutionConfigurationPlatforms) = preSolution
		Debug|Any CPU = Debug|Any CPU
		Release|Any CPU = Release|Any CPU
	EndGlobalSection
	GlobalSection(ProjectConfigurationPlatforms) = postSolution
		{A3A7CD16-718B-42A1-B240-F806626B7CD9}.Debug|Any CPU.ActiveCfg = Debug|Any CPU
		{A3A7CD16-718B-42A1-B240-F806626B7CD9}.Debug|Any CPU.Build.0 = Debug|Any CPU
		{A3A7CD16-718B-42A1-B240-F806626B7CD9}.Release|Any CPU.ActiveCfg = Release|Any CPU
		{A3A7CD16-718B-42A1-B240-F806626B7CD9}.Release|Any CPU.Build.0 = Release|Any CPU
	EndGlobalSection
	GlobalSection(SolutionProperties) = preSolution
		HideSolutionNode = FALSE
	EndGlobalSection
	GlobalSection(ExtensibilityGlobals) = postSolution
		SolutionGuid = {7A857C71-804F-4C4C-9E44-B279A0292AD0}
	EndGlobalSection
EndGlobal
